// !$*UTF8*$!
{
	archiveVersion = 1;
	classes = {
	};
	objectVersion = 50;
	objects = {

/* Begin PBXBuildFile section */
		3053737326D2514C002D85D0 /* AppDelegate.swift in Sources */ = {isa = PBXBuildFile; fileRef = 3053737226D2514C002D85D0 /* AppDelegate.swift */; };
		3053737526D2514C002D85D0 /* SceneDelegate.swift in Sources */ = {isa = PBXBuildFile; fileRef = 3053737426D2514C002D85D0 /* SceneDelegate.swift */; };
		3053737A26D2514C002D85D0 /* Main.storyboard in Resources */ = {isa = PBXBuildFile; fileRef = 3053737826D2514C002D85D0 /* Main.storyboard */; };
		3053737C26D2514D002D85D0 /* Assets.xcassets in Resources */ = {isa = PBXBuildFile; fileRef = 3053737B26D2514D002D85D0 /* Assets.xcassets */; };
		3053737F26D2514D002D85D0 /* LaunchScreen.storyboard in Resources */ = {isa = PBXBuildFile; fileRef = 3053737D26D2514D002D85D0 /* LaunchScreen.storyboard */; };
		3053738A26D2514D002D85D0 /* SSLCommerzIntegrationTests.swift in Sources */ = {isa = PBXBuildFile; fileRef = 3053738926D2514D002D85D0 /* SSLCommerzIntegrationTests.swift */; };
		3053739526D2514D002D85D0 /* SSLCommerzIntegrationUITests.swift in Sources */ = {isa = PBXBuildFile; fileRef = 3053739426D2514D002D85D0 /* SSLCommerzIntegrationUITests.swift */; };
		305373B626D252A0002D85D0 /* SSLCommerzSDK.framework in Frameworks */ = {isa = PBXBuildFile; fileRef = 305373B126D2529C002D85D0 /* SSLCommerzSDK.framework */; };
		305373B726D252A0002D85D0 /* SSLCommerzSDK.framework in Embed Frameworks */ = {isa = PBXBuildFile; fileRef = 305373B126D2529C002D85D0 /* SSLCommerzSDK.framework */; settings = {ATTRIBUTES = (CodeSignOnCopy, RemoveHeadersOnCopy, ); }; };
		305373BE26D2550D002D85D0 /* PaymentViewController.swift in Sources */ = {isa = PBXBuildFile; fileRef = 305373BD26D2550D002D85D0 /* PaymentViewController.swift */; };
		30FDDF8526D3671100CB2C1F /* Screenshot.png in Resources */ = {isa = PBXBuildFile; fileRef = 30FDDF8326D3671100CB2C1F /* Screenshot.png */; };
		30FDDF8626D3671100CB2C1F /* clip.gif in Resources */ = {isa = PBXBuildFile; fileRef = 30FDDF8426D3671100CB2C1F /* clip.gif */; };
/* End PBXBuildFile section */

/* Begin PBXContainerItemProxy section */
		3053738626D2514D002D85D0 /* PBXContainerItemProxy */ = {
			isa = PBXContainerItemProxy;
			containerPortal = 3053736726D2514C002D85D0 /* Project object */;
			proxyType = 1;
			remoteGlobalIDString = 3053736E26D2514C002D85D0;
			remoteInfo = SSLCommerzIntegration;
		};
		3053739126D2514D002D85D0 /* PBXContainerItemProxy */ = {
			isa = PBXContainerItemProxy;
			containerPortal = 3053736726D2514C002D85D0 /* Project object */;
			proxyType = 1;
			remoteGlobalIDString = 3053736E26D2514C002D85D0;
			remoteInfo = SSLCommerzIntegration;
		};
/* End PBXContainerItemProxy section */

/* Begin PBXCopyFilesBuildPhase section */
		305373B826D252A0002D85D0 /* Embed Frameworks */ = {
			isa = PBXCopyFilesBuildPhase;
			buildActionMask = 2147483647;
			dstPath = "";
			dstSubfolderSpec = 10;
			files = (
				305373B726D252A0002D85D0 /* SSLCommerzSDK.framework in Embed Frameworks */,
			);
			name = "Embed Frameworks";
			runOnlyForDeploymentPostprocessing = 0;
		};
/* End PBXCopyFilesBuildPhase section */

/* Begin PBXFileReference section */
		3053736F26D2514C002D85D0 /* SSLCommerzIntegration.app */ = {isa = PBXFileReference; explicitFileType = wrapper.application; includeInIndex = 0; path = SSLCommerzIntegration.app; sourceTree = BUILT_PRODUCTS_DIR; };
		3053737226D2514C002D85D0 /* AppDelegate.swift */ = {isa = PBXFileReference; lastKnownFileType = sourcecode.swift; path = AppDelegate.swift; sourceTree = "<group>"; };
		3053737426D2514C002D85D0 /* SceneDelegate.swift */ = {isa = PBXFileReference; lastKnownFileType = sourcecode.swift; path = SceneDelegate.swift; sourceTree = "<group>"; };
		3053737926D2514C002D85D0 /* Base */ = {isa = PBXFileReference; lastKnownFileType = file.storyboard; name = Base; path = Base.lproj/Main.storyboard; sourceTree = "<group>"; };
		3053737B26D2514D002D85D0 /* Assets.xcassets */ = {isa = PBXFileReference; lastKnownFileType = folder.assetcatalog; path = Assets.xcassets; sourceTree = "<group>"; };
		3053737E26D2514D002D85D0 /* Base */ = {isa = PBXFileReference; lastKnownFileType = file.storyboard; name = Base; path = Base.lproj/LaunchScreen.storyboard; sourceTree = "<group>"; };
		3053738026D2514D002D85D0 /* Info.plist */ = {isa = PBXFileReference; lastKnownFileType = text.plist.xml; path = Info.plist; sourceTree = "<group>"; };
		3053738526D2514D002D85D0 /* SSLCommerzIntegrationTests.xctest */ = {isa = PBXFileReference; explicitFileType = wrapper.cfbundle; includeInIndex = 0; path = SSLCommerzIntegrationTests.xctest; sourceTree = BUILT_PRODUCTS_DIR; };
		3053738926D2514D002D85D0 /* SSLCommerzIntegrationTests.swift */ = {isa = PBXFileReference; lastKnownFileType = sourcecode.swift; path = SSLCommerzIntegrationTests.swift; sourceTree = "<group>"; };
		3053738B26D2514D002D85D0 /* Info.plist */ = {isa = PBXFileReference; lastKnownFileType = text.plist.xml; path = Info.plist; sourceTree = "<group>"; };
		3053739026D2514D002D85D0 /* SSLCommerzIntegrationUITests.xctest */ = {isa = PBXFileReference; explicitFileType = wrapper.cfbundle; includeInIndex = 0; path = SSLCommerzIntegrationUITests.xctest; sourceTree = BUILT_PRODUCTS_DIR; };
		3053739426D2514D002D85D0 /* SSLCommerzIntegrationUITests.swift */ = {isa = PBXFileReference; lastKnownFileType = sourcecode.swift; path = SSLCommerzIntegrationUITests.swift; sourceTree = "<group>"; };
		3053739626D2514D002D85D0 /* Info.plist */ = {isa = PBXFileReference; lastKnownFileType = text.plist.xml; path = Info.plist; sourceTree = "<group>"; };
		305373B126D2529C002D85D0 /* SSLCommerzSDK.framework */ = {isa = PBXFileReference; lastKnownFileType = wrapper.framework; path = SSLCommerzSDK.framework; sourceTree = "<group>"; };
		305373BD26D2550D002D85D0 /* PaymentViewController.swift */ = {isa = PBXFileReference; lastKnownFileType = sourcecode.swift; path = PaymentViewController.swift; sourceTree = "<group>"; };
		30FDDF8326D3671100CB2C1F /* Screenshot.png */ = {isa = PBXFileReference; lastKnownFileType = image.png; path = Screenshot.png; sourceTree = "<group>"; };
		30FDDF8426D3671100CB2C1F /* clip.gif */ = {isa = PBXFileReference; lastKnownFileType = image.gif; path = clip.gif; sourceTree = "<group>"; };
/* End PBXFileReference section */

/* Begin PBXFrameworksBuildPhase section */
		3053736C26D2514C002D85D0 /* Frameworks */ = {
			isa = PBXFrameworksBuildPhase;
			buildActionMask = 2147483647;
			files = (
				305373B626D252A0002D85D0 /* SSLCommerzSDK.framework in Frameworks */,
			);
			runOnlyForDeploymentPostprocessing = 0;
		};
		3053738226D2514D002D85D0 /* Frameworks */ = {
			isa = PBXFrameworksBuildPhase;
			buildActionMask = 2147483647;
			files = (
			);
			runOnlyForDeploymentPostprocessing = 0;
		};
		3053738D26D2514D002D85D0 /* Frameworks */ = {
			isa = PBXFrameworksBuildPhase;
			buildActionMask = 2147483647;
			files = (
			);
			runOnlyForDeploymentPostprocessing = 0;
		};
/* End PBXFrameworksBuildPhase section */

/* Begin PBXGroup section */
		3053736626D2514C002D85D0 = {
			isa = PBXGroup;
			children = (
				305373CB26D273C4002D85D0 /* images */,
				305373B126D2529C002D85D0 /* SSLCommerzSDK.framework */,
				3053737126D2514C002D85D0 /* SSLCommerzIntegration */,
				3053738826D2514D002D85D0 /* SSLCommerzIntegrationTests */,
				3053739326D2514D002D85D0 /* SSLCommerzIntegrationUITests */,
				3053737026D2514C002D85D0 /* Products */,
			);
			sourceTree = "<group>";
		};
		3053737026D2514C002D85D0 /* Products */ = {
			isa = PBXGroup;
			children = (
				3053736F26D2514C002D85D0 /* SSLCommerzIntegration.app */,
				3053738526D2514D002D85D0 /* SSLCommerzIntegrationTests.xctest */,
				3053739026D2514D002D85D0 /* SSLCommerzIntegrationUITests.xctest */,
			);
			name = Products;
			sourceTree = "<group>";
		};
		3053737126D2514C002D85D0 /* SSLCommerzIntegration */ = {
			isa = PBXGroup;
			children = (
				3053737226D2514C002D85D0 /* AppDelegate.swift */,
				3053737426D2514C002D85D0 /* SceneDelegate.swift */,
				3053737826D2514C002D85D0 /* Main.storyboard */,
				3053737B26D2514D002D85D0 /* Assets.xcassets */,
				3053737D26D2514D002D85D0 /* LaunchScreen.storyboard */,
				3053738026D2514D002D85D0 /* Info.plist */,
				305373BD26D2550D002D85D0 /* PaymentViewController.swift */,
			);
			path = SSLCommerzIntegration;
			sourceTree = "<group>";
		};
		3053738826D2514D002D85D0 /* SSLCommerzIntegrationTests */ = {
			isa = PBXGroup;
			children = (
				3053738926D2514D002D85D0 /* SSLCommerzIntegrationTests.swift */,
				3053738B26D2514D002D85D0 /* Info.plist */,
			);
			path = SSLCommerzIntegrationTests;
			sourceTree = "<group>";
		};
		3053739326D2514D002D85D0 /* SSLCommerzIntegrationUITests */ = {
			isa = PBXGroup;
			children = (
				3053739426D2514D002D85D0 /* SSLCommerzIntegrationUITests.swift */,
				3053739626D2514D002D85D0 /* Info.plist */,
			);
			path = SSLCommerzIntegrationUITests;
			sourceTree = "<group>";
		};
		305373CB26D273C4002D85D0 /* images */ = {
			isa = PBXGroup;
			children = (
				30FDDF8426D3671100CB2C1F /* clip.gif */,
				30FDDF8326D3671100CB2C1F /* Screenshot.png */,
			);
			path = images;
			sourceTree = "<group>";
		};
/* End PBXGroup section */

/* Begin PBXNativeTarget section */
		3053736E26D2514C002D85D0 /* SSLCommerzIntegration */ = {
			isa = PBXNativeTarget;
			buildConfigurationList = 3053739926D2514D002D85D0 /* Build configuration list for PBXNativeTarget "SSLCommerzIntegration" */;
			buildPhases = (
				3053736B26D2514C002D85D0 /* Sources */,
				3053736C26D2514C002D85D0 /* Frameworks */,
				3053736D26D2514C002D85D0 /* Resources */,
				305373B826D252A0002D85D0 /* Embed Frameworks */,
			);
			buildRules = (
			);
			dependencies = (
			);
			name = SSLCommerzIntegration;
			productName = SSLCommerzIntegration;
			productReference = 3053736F26D2514C002D85D0 /* SSLCommerzIntegration.app */;
			productType = "com.apple.product-type.application";
		};
		3053738426D2514D002D85D0 /* SSLCommerzIntegrationTests */ = {
			isa = PBXNativeTarget;
			buildConfigurationList = 3053739C26D2514D002D85D0 /* Build configuration list for PBXNativeTarget "SSLCommerzIntegrationTests" */;
			buildPhases = (
				3053738126D2514D002D85D0 /* Sources */,
				3053738226D2514D002D85D0 /* Frameworks */,
				3053738326D2514D002D85D0 /* Resources */,
			);
			buildRules = (
			);
			dependencies = (
				3053738726D2514D002D85D0 /* PBXTargetDependency */,
			);
			name = SSLCommerzIntegrationTests;
			productName = SSLCommerzIntegrationTests;
			productReference = 3053738526D2514D002D85D0 /* SSLCommerzIntegrationTests.xctest */;
			productType = "com.apple.product-type.bundle.unit-test";
		};
		3053738F26D2514D002D85D0 /* SSLCommerzIntegrationUITests */ = {
			isa = PBXNativeTarget;
			buildConfigurationList = 3053739F26D2514D002D85D0 /* Build configuration list for PBXNativeTarget "SSLCommerzIntegrationUITests" */;
			buildPhases = (
				3053738C26D2514D002D85D0 /* Sources */,
				3053738D26D2514D002D85D0 /* Frameworks */,
				3053738E26D2514D002D85D0 /* Resources */,
			);
			buildRules = (
			);
			dependencies = (
				3053739226D2514D002D85D0 /* PBXTargetDependency */,
			);
			name = SSLCommerzIntegrationUITests;
			productName = SSLCommerzIntegrationUITests;
			productReference = 3053739026D2514D002D85D0 /* SSLCommerzIntegrationUITests.xctest */;
			productType = "com.apple.product-type.bundle.ui-testing";
		};
/* End PBXNativeTarget section */

/* Begin PBXProject section */
		3053736726D2514C002D85D0 /* Project object */ = {
			isa = PBXProject;
			attributes = {
				LastSwiftUpdateCheck = 1240;
				LastUpgradeCheck = 1240;
				TargetAttributes = {
					3053736E26D2514C002D85D0 = {
						CreatedOnToolsVersion = 12.4;
					};
					3053738426D2514D002D85D0 = {
						CreatedOnToolsVersion = 12.4;
						TestTargetID = 3053736E26D2514C002D85D0;
					};
					3053738F26D2514D002D85D0 = {
						CreatedOnToolsVersion = 12.4;
						TestTargetID = 3053736E26D2514C002D85D0;
					};
				};
			};
			buildConfigurationList = 3053736A26D2514C002D85D0 /* Build configuration list for PBXProject "SSLCommerzIntegration" */;
			compatibilityVersion = "Xcode 9.3";
			developmentRegion = en;
			hasScannedForEncodings = 0;
			knownRegions = (
				en,
				Base,
			);
			mainGroup = 3053736626D2514C002D85D0;
			productRefGroup = 3053737026D2514C002D85D0 /* Products */;
			projectDirPath = "";
			projectRoot = "";
			targets = (
				3053736E26D2514C002D85D0 /* SSLCommerzIntegration */,
				3053738426D2514D002D85D0 /* SSLCommerzIntegrationTests */,
				3053738F26D2514D002D85D0 /* SSLCommerzIntegrationUITests */,
			);
		};
/* End PBXProject section */

/* Begin PBXResourcesBuildPhase section */
		3053736D26D2514C002D85D0 /* Resources */ = {
			isa = PBXResourcesBuildPhase;
			buildActionMask = 2147483647;
			files = (
				3053737F26D2514D002D85D0 /* LaunchScreen.storyboard in Resources */,
				3053737C26D2514D002D85D0 /* Assets.xcassets in Resources */,
				30FDDF8626D3671100CB2C1F /* clip.gif in Resources */,
				3053737A26D2514C002D85D0 /* Main.storyboard in Resources */,
				30FDDF8526D3671100CB2C1F /* Screenshot.png in Resources */,
			);
			runOnlyForDeploymentPostprocessing = 0;
		};
		3053738326D2514D002D85D0 /* Resources */ = {
			isa = PBXResourcesBuildPhase;
			buildActionMask = 2147483647;
			files = (
			);
			runOnlyForDeploymentPostprocessing = 0;
		};
		3053738E26D2514D002D85D0 /* Resources */ = {
			isa = PBXResourcesBuildPhase;
			buildActionMask = 2147483647;
			files = (
			);
			runOnlyForDeploymentPostprocessing = 0;
		};
/* End PBXResourcesBuildPhase section */

/* Begin PBXSourcesBuildPhase section */
		3053736B26D2514C002D85D0 /* Sources */ = {
			isa = PBXSourcesBuildPhase;
			buildActionMask = 2147483647;
			files = (
				3053737326D2514C002D85D0 /* AppDelegate.swift in Sources */,
				3053737526D2514C002D85D0 /* SceneDelegate.swift in Sources */,
				305373BE26D2550D002D85D0 /* PaymentViewController.swift in Sources */,
			);
			runOnlyForDeploymentPostprocessing = 0;
		};
		3053738126D2514D002D85D0 /* Sources */ = {
			isa = PBXSourcesBuildPhase;
			buildActionMask = 2147483647;
			files = (
				3053738A26D2514D002D85D0 /* SSLCommerzIntegrationTests.swift in Sources */,
			);
			runOnlyForDeploymentPostprocessing = 0;
		};
		3053738C26D2514D002D85D0 /* Sources */ = {
			isa = PBXSourcesBuildPhase;
			buildActionMask = 2147483647;
			files = (
				3053739526D2514D002D85D0 /* SSLCommerzIntegrationUITests.swift in Sources */,
			);
			runOnlyForDeploymentPostprocessing = 0;
		};
/* End PBXSourcesBuildPhase section */

/* Begin PBXTargetDependency section */
		3053738726D2514D002D85D0 /* PBXTargetDependency */ = {
			isa = PBXTargetDependency;
			target = 3053736E26D2514C002D85D0 /* SSLCommerzIntegration */;
			targetProxy = 3053738626D2514D002D85D0 /* PBXContainerItemProxy */;
		};
		3053739226D2514D002D85D0 /* PBXTargetDependency */ = {
			isa = PBXTargetDependency;
			target = 3053736E26D2514C002D85D0 /* SSLCommerzIntegration */;
			targetProxy = 3053739126D2514D002D85D0 /* PBXContainerItemProxy */;
		};
/* End PBXTargetDependency section */

/* Begin PBXVariantGroup section */
		3053737826D2514C002D85D0 /* Main.storyboard */ = {
			isa = PBXVariantGroup;
			children = (
				3053737926D2514C002D85D0 /* Base */,
			);
			name = Main.storyboard;
			sourceTree = "<group>";
		};
		3053737D26D2514D002D85D0 /* LaunchScreen.storyboard */ = {
			isa = PBXVariantGroup;
			children = (
				3053737E26D2514D002D85D0 /* Base */,
			);
			name = LaunchScreen.storyboard;
			sourceTree = "<group>";
		};
/* End PBXVariantGroup section */

/* Begin XCBuildConfiguration section */
		3053739726D2514D002D85D0 /* Debug */ = {
			isa = XCBuildConfiguration;
			buildSettings = {
				ALWAYS_SEARCH_USER_PATHS = NO;
				CLANG_ANALYZER_NONNULL = YES;
				CLANG_ANALYZER_NUMBER_OBJECT_CONVERSION = YES_AGGRESSIVE;
				CLANG_CXX_LANGUAGE_STANDARD = "gnu++14";
				CLANG_CXX_LIBRARY = "libc++";
				CLANG_ENABLE_MODULES = YES;
				CLANG_ENABLE_OBJC_ARC = YES;
				CLANG_ENABLE_OBJC_WEAK = YES;
				CLANG_WARN_BLOCK_CAPTURE_AUTORELEASING = YES;
				CLANG_WARN_BOOL_CONVERSION = YES;
				CLANG_WARN_COMMA = YES;
				CLANG_WARN_CONSTANT_CONVERSION = YES;
				CLANG_WARN_DEPRECATED_OBJC_IMPLEMENTATIONS = YES;
				CLANG_WARN_DIRECT_OBJC_ISA_USAGE = YES_ERROR;
				CLANG_WARN_DOCUMENTATION_COMMENTS = YES;
				CLANG_WARN_EMPTY_BODY = YES;
				CLANG_WARN_ENUM_CONVERSION = YES;
				CLANG_WARN_INFINITE_RECURSION = YES;
				CLANG_WARN_INT_CONVERSION = YES;
				CLANG_WARN_NON_LITERAL_NULL_CONVERSION = YES;
				CLANG_WARN_OBJC_IMPLICIT_RETAIN_SELF = YES;
				CLANG_WARN_OBJC_LITERAL_CONVERSION = YES;
				CLANG_WARN_OBJC_ROOT_CLASS = YES_ERROR;
				CLANG_WARN_QUOTED_INCLUDE_IN_FRAMEWORK_HEADER = YES;
				CLANG_WARN_RANGE_LOOP_ANALYSIS = YES;
				CLANG_WARN_STRICT_PROTOTYPES = YES;
				CLANG_WARN_SUSPICIOUS_MOVE = YES;
				CLANG_WARN_UNGUARDED_AVAILABILITY = YES_AGGRESSIVE;
				CLANG_WARN_UNREACHABLE_CODE = YES;
				CLANG_WARN__DUPLICATE_METHOD_MATCH = YES;
				COPY_PHASE_STRIP = NO;
				DEBUG_INFORMATION_FORMAT = dwarf;
				ENABLE_STRICT_OBJC_MSGSEND = YES;
				ENABLE_TESTABILITY = YES;
				GCC_C_LANGUAGE_STANDARD = gnu11;
				GCC_DYNAMIC_NO_PIC = NO;
				GCC_NO_COMMON_BLOCKS = YES;
				GCC_OPTIMIZATION_LEVEL = 0;
				GCC_PREPROCESSOR_DEFINITIONS = (
					"DEBUG=1",
					"$(inherited)",
				);
				GCC_WARN_64_TO_32_BIT_CONVERSION = YES;
				GCC_WARN_ABOUT_RETURN_TYPE = YES_ERROR;
				GCC_WARN_UNDECLARED_SELECTOR = YES;
				GCC_WARN_UNINITIALIZED_AUTOS = YES_AGGRESSIVE;
				GCC_WARN_UNUSED_FUNCTION = YES;
				GCC_WARN_UNUSED_VARIABLE = YES;
				IPHONEOS_DEPLOYMENT_TARGET = 10.0;
				MTL_ENABLE_DEBUG_INFO = INCLUDE_SOURCE;
				MTL_FAST_MATH = YES;
				ONLY_ACTIVE_ARCH = YES;
				SDKROOT = iphoneos;
				SWIFT_ACTIVE_COMPILATION_CONDITIONS = DEBUG;
				SWIFT_OPTIMIZATION_LEVEL = "-Onone";
			};
			name = Debug;
		};
		3053739826D2514D002D85D0 /* Release */ = {
			isa = XCBuildConfiguration;
			buildSettings = {
				ALWAYS_SEARCH_USER_PATHS = NO;
				CLANG_ANALYZER_NONNULL = YES;
				CLANG_ANALYZER_NUMBER_OBJECT_CONVERSION = YES_AGGRESSIVE;
				CLANG_CXX_LANGUAGE_STANDARD = "gnu++14";
				CLANG_CXX_LIBRARY = "libc++";
				CLANG_ENABLE_MODULES = YES;
				CLANG_ENABLE_OBJC_ARC = YES;
				CLANG_ENABLE_OBJC_WEAK = YES;
				CLANG_WARN_BLOCK_CAPTURE_AUTORELEASING = YES;
				CLANG_WARN_BOOL_CONVERSION = YES;
				CLANG_WARN_COMMA = YES;
				CLANG_WARN_CONSTANT_CONVERSION = YES;
				CLANG_WARN_DEPRECATED_OBJC_IMPLEMENTATIONS = YES;
				CLANG_WARN_DIRECT_OBJC_ISA_USAGE = YES_ERROR;
				CLANG_WARN_DOCUMENTATION_COMMENTS = YES;
				CLANG_WARN_EMPTY_BODY = YES;
				CLANG_WARN_ENUM_CONVERSION = YES;
				CLANG_WARN_INFINITE_RECURSION = YES;
				CLANG_WARN_INT_CONVERSION = YES;
				CLANG_WARN_NON_LITERAL_NULL_CONVERSION = YES;
				CLANG_WARN_OBJC_IMPLICIT_RETAIN_SELF = YES;
				CLANG_WARN_OBJC_LITERAL_CONVERSION = YES;
				CLANG_WARN_OBJC_ROOT_CLASS = YES_ERROR;
				CLANG_WARN_QUOTED_INCLUDE_IN_FRAMEWORK_HEADER = YES;
				CLANG_WARN_RANGE_LOOP_ANALYSIS = YES;
				CLANG_WARN_STRICT_PROTOTYPES = YES;
				CLANG_WARN_SUSPICIOUS_MOVE = YES;
				CLANG_WARN_UNGUARDED_AVAILABILITY = YES_AGGRESSIVE;
				CLANG_WARN_UNREACHABLE_CODE = YES;
				CLANG_WARN__DUPLICATE_METHOD_MATCH = YES;
				COPY_PHASE_STRIP = NO;
				DEBUG_INFORMATION_FORMAT = "dwarf-with-dsym";
				ENABLE_NS_ASSERTIONS = NO;
				ENABLE_STRICT_OBJC_MSGSEND = YES;
				GCC_C_LANGUAGE_STANDARD = gnu11;
				GCC_NO_COMMON_BLOCKS = YES;
				GCC_WARN_64_TO_32_BIT_CONVERSION = YES;
				GCC_WARN_ABOUT_RETURN_TYPE = YES_ERROR;
				GCC_WARN_UNDECLARED_SELECTOR = YES;
				GCC_WARN_UNINITIALIZED_AUTOS = YES_AGGRESSIVE;
				GCC_WARN_UNUSED_FUNCTION = YES;
				GCC_WARN_UNUSED_VARIABLE = YES;
				IPHONEOS_DEPLOYMENT_TARGET = 10.0;
				MTL_ENABLE_DEBUG_INFO = NO;
				MTL_FAST_MATH = YES;
				SDKROOT = iphoneos;
				SWIFT_COMPILATION_MODE = wholemodule;
				SWIFT_OPTIMIZATION_LEVEL = "-O";
				VALIDATE_PRODUCT = YES;
			};
			name = Release;
		};
		3053739A26D2514D002D85D0 /* Debug */ = {
			isa = XCBuildConfiguration;
			buildSettings = {
				ASSETCATALOG_COMPILER_APPICON_NAME = AppIcon;
				ASSETCATALOG_COMPILER_GLOBAL_ACCENT_COLOR_NAME = AccentColor;
				CODE_SIGN_STYLE = Automatic;
				DEVELOPMENT_TEAM = "";
				FRAMEWORK_SEARCH_PATHS = (
					"$(inherited)",
					"$(PROJECT_DIR)",
				);
				INFOPLIST_FILE = SSLCommerzIntegration/Info.plist;
				IPHONEOS_DEPLOYMENT_TARGET = 10.0;
				LD_RUNPATH_SEARCH_PATHS = (
					"$(inherited)",
					"@executable_path/Frameworks",
				);
				MARKETING_VERSION = 1.0.0;
				PRODUCT_BUNDLE_IDENTIFIER = com.romana.SSLCommerzIntegration;
				PRODUCT_NAME = "$(TARGET_NAME)";
				SWIFT_VERSION = 5.0;
				TARGETED_DEVICE_FAMILY = "1,2";
			};
			name = Debug;
		};
		3053739B26D2514D002D85D0 /* Release */ = {
			isa = XCBuildConfiguration;
			buildSettings = {
				ASSETCATALOG_COMPILER_APPICON_NAME = AppIcon;
				ASSETCATALOG_COMPILER_GLOBAL_ACCENT_COLOR_NAME = AccentColor;
				CODE_SIGN_STYLE = Automatic;
				DEVELOPMENT_TEAM = "";
				FRAMEWORK_SEARCH_PATHS = (
					"$(inherited)",
					"$(PROJECT_DIR)",
				);
				INFOPLIST_FILE = SSLCommerzIntegration/Info.plist;
				IPHONEOS_DEPLOYMENT_TARGET = 10.0;
				LD_RUNPATH_SEARCH_PATHS = (
					"$(inherited)",
					"@executable_path/Frameworks",
				);
				MARKETING_VERSION = 1.0.0;
				PRODUCT_BUNDLE_IDENTIFIER = com.romana.SSLCommerzIntegration;
				PRODUCT_NAME = "$(TARGET_NAME)";
				SWIFT_VERSION = 5.0;
				TARGETED_DEVICE_FAMILY = "1,2";
			};
			name = Release;
		};
		3053739D26D2514D002D85D0 /* Debug */ = {
			isa = XCBuildConfiguration;
			buildSettings = {
				ALWAYS_EMBED_SWIFT_STANDARD_LIBRARIES = YES;
				BUNDLE_LOADER = "$(TEST_HOST)";
				CODE_SIGN_STYLE = Automatic;
				INFOPLIST_FILE = SSLCommerzIntegrationTests/Info.plist;
				IPHONEOS_DEPLOYMENT_TARGET = 14.4;
				LD_RUNPATH_SEARCH_PATHS = (
					"$(inherited)",
					"@executable_path/Frameworks",
					"@loader_path/Frameworks",
				);
				PRODUCT_BUNDLE_IDENTIFIER = romana.SSLCommerzIntegrationTests;
				PRODUCT_NAME = "$(TARGET_NAME)";
				SWIFT_VERSION = 5.0;
				TARGETED_DEVICE_FAMILY = "1,2";
				TEST_HOST = "$(BUILT_PRODUCTS_DIR)/SSLCommerzIntegration.app/SSLCommerzIntegration";
			};
			name = Debug;
		};
		3053739E26D2514D002D85D0 /* Release */ = {
			isa = XCBuildConfiguration;
			buildSettings = {
				ALWAYS_EMBED_SWIFT_STANDARD_LIBRARIES = YES;
				BUNDLE_LOADER = "$(TEST_HOST)";
				CODE_SIGN_STYLE = Automatic;
				INFOPLIST_FILE = SSLCommerzIntegrationTests/Info.plist;
				IPHONEOS_DEPLOYMENT_TARGET = 14.4;
				LD_RUNPATH_SEARCH_PATHS = (
					"$(inherited)",
					"@executable_path/Frameworks",
					"@loader_path/Frameworks",
				);
				PRODUCT_BUNDLE_IDENTIFIER = romana.SSLCommerzIntegrationTests;
				PRODUCT_NAME = "$(TARGET_NAME)";
				SWIFT_VERSION = 5.0;
				TARGETED_DEVICE_FAMILY = "1,2";
				TEST_HOST = "$(BUILT_PRODUCTS_DIR)/SSLCommerzIntegration.app/SSLCommerzIntegration";
			};
			name = Release;
		};
		305373A026D2514D002D85D0 /* Debug */ = {
			isa = XCBuildConfiguration;
			buildSettings = {
				ALWAYS_EMBED_SWIFT_STANDARD_LIBRARIES = YES;
				CODE_SIGN_STYLE = Automatic;
				INFOPLIST_FILE = SSLCommerzIntegrationUITests/Info.plist;
				LD_RUNPATH_SEARCH_PATHS = (
					"$(inherited)",
					"@executable_path/Frameworks",
					"@loader_path/Frameworks",
				);
				PRODUCT_BUNDLE_IDENTIFIER = romana.SSLCommerzIntegrationUITests;
				PRODUCT_NAME = "$(TARGET_NAME)";
				SWIFT_VERSION = 5.0;
				TARGETED_DEVICE_FAMILY = "1,2";
				TEST_TARGET_NAME = SSLCommerzIntegration;
			};
			name = Debug;
		};
		305373A126D2514D002D85D0 /* Release */ = {
			isa = XCBuildConfiguration;
			buildSettings = {
				ALWAYS_EMBED_SWIFT_STANDARD_LIBRARIES = YES;
				CODE_SIGN_STYLE = Automatic;
				INFOPLIST_FILE = SSLCommerzIntegrationUITests/Info.plist;
				LD_RUNPATH_SEARCH_PATHS = (
					"$(inherited)",
					"@executable_path/Frameworks",
					"@loader_path/Frameworks",
				);
				PRODUCT_BUNDLE_IDENTIFIER = romana.SSLCommerzIntegrationUITests;
				PRODUCT_NAME = "$(TARGET_NAME)";
				SWIFT_VERSION = 5.0;
				TARGETED_DEVICE_FAMILY = "1,2";
				TEST_TARGET_NAME = SSLCommerzIntegration;
			};
			name = Release;
		};
/* End XCBuildConfiguration section */

/* Begin XCConfigurationList section */
		3053736A26D2514C002D85D0 /* Build configuration list for PBXProject "SSLCommerzIntegration" */ = {
			isa = XCConfigurationList;
			buildConfigurations = (
				3053739726D2514D002D85D0 /* Debug */,
				3053739826D2514D002D85D0 /* Release */,
			);
			defaultConfigurationIsVisible = 0;
			defaultConfigurationName = Release;
		};
		3053739926D2514D002D85D0 /* Build configuration list for PBXNativeTarget "SSLCommerzIntegration" */ = {
			isa = XCConfigurationList;
			buildConfigurations = (
				3053739A26D2514D002D85D0 /* Debug */,
				3053739B26D2514D002D85D0 /* Release */,
			);
			defaultConfigurationIsVisible = 0;
			defaultConfigurationName = Release;
		};
		3053739C26D2514D002D85D0 /* Build configuration list for PBXNativeTarget "SSLCommerzIntegrationTests" */ = {
			isa = XCConfigurationList;
			buildConfigurations = (
				3053739D26D2514D002D85D0 /* Debug */,
				3053739E26D2514D002D85D0 /* Release */,
			);
			defaultConfigurationIsVisible = 0;
			defaultConfigurationName = Release;
		};
		3053739F26D2514D002D85D0 /* Build configuration list for PBXNativeTarget "SSLCommerzIntegrationUITests" */ = {
			isa = XCConfigurationList;
			buildConfigurations = (
				305373A026D2514D002D85D0 /* Debug */,
				305373A126D2514D002D85D0 /* Release */,
			);
			defaultConfigurationIsVisible = 0;
			defaultConfigurationName = Release;
		};
/* End XCConfigurationList section */
	};
	rootObject = 3053736726D2514C002D85D0 /* Project object */;
}
